
Microsoft Visual Studio Solution File, Format Version 12.00
# Visual Studio Version 17
VisualStudioVersion = 17.14.36908.2 d17.14
MinimumVisualStudioVersion = 10.0.40219.1
Project("{FAE04EC0-301F-11D3-BF4B-00C04F79EFBC}") = "DayOfCoding", "DayOfCoding\DayOfCoding.csproj", "{4D4D9D29-B9AB-46E0-8389-3D3DC54C8CEB}"
EndProject
Global
	GlobalSection(SolutionConfigurationPlatforms) = preSolution
		Debug|Any CPU = Debug|Any CPU
		Release|Any CPU = Release|Any CPU
	EndGlobalSection
	GlobalSection(ProjectConfigurationPlatforms) = postSolution
		{4D4D9D29-B9AB-46E0-8389-3D3DC54C8CEB}.Debug|Any CPU.ActiveCfg = Debug|Any CPU
		{4D4D9D29-B9AB-46E0-8389-3D3DC54C8CEB}.Debug|Any CPU.Build.0 = Debug|Any CPU
		{4D4D9D29-B9AB-46E0-8389-3D3DC54C8CEB}.Release|Any CPU.ActiveCfg = Release|Any CPU
		{4D4D9D29-B9AB-46E0-8389-3D3DC54C8CEB}.Release|Any CPU.Build.0 = Release|Any CPU
	EndGlobalSection
	GlobalSection(SolutionProperties) = preSolution
		HideSolutionNode = FALSE
	EndGlobalSection
	GlobalSection(ExtensibilityGlobals) = postSolution
		SolutionGuid = {04C5ECAB-69C5-4247-823F-FE3F08977277}
	EndGlobalSection
EndGlobal
